// !$*UTF8*$!
{
	archiveVersion = 1;
	classes = {
	};
	objectVersion = 51;
	objects = {

/* Begin PBXBuildFile section */
		96943BF6388698AF351C3154 /* Pods_ScannerTests.framework in Frameworks */ = {isa = PBXBuildFile; fileRef = 0300558B37DB601BA3B0A500 /* Pods_ScannerTests.framework */; };
		A21921E325D6A340000A7D4E /* ActionsViewController.swift in Sources */ = {isa = PBXBuildFile; fileRef = A21921E225D6A340000A7D4E /* ActionsViewController.swift */; };
		A25841E325D2CE54008121EA /* RootTabViewController.swift in Sources */ = {isa = PBXBuildFile; fileRef = A25841E225D2CE54008121EA /* RootTabViewController.swift */; };
		A28A2B9225D2C38B0012CDC0 /* ImageTableViewController.swift in Sources */ = {isa = PBXBuildFile; fileRef = A28A2B9125D2C38B0012CDC0 /* ImageTableViewController.swift */; };
		A28A2B9C25D2C3C90012CDC0 /* AccountViewController.swift in Sources */ = {isa = PBXBuildFile; fileRef = A28A2B9B25D2C3C90012CDC0 /* AccountViewController.swift */; };
		A2B2670B25D17ED400E97F1C /* AppDelegate.swift in Sources */ = {isa = PBXBuildFile; fileRef = A2B2670A25D17ED400E97F1C /* AppDelegate.swift */; };
		A2B2670D25D17ED400E97F1C /* SceneDelegate.swift in Sources */ = {isa = PBXBuildFile; fileRef = A2B2670C25D17ED400E97F1C /* SceneDelegate.swift */; };
		A2B2671225D17ED400E97F1C /* Main.storyboard in Resources */ = {isa = PBXBuildFile; fileRef = A2B2671025D17ED400E97F1C /* Main.storyboard */; };
		A2B2671425D17ED500E97F1C /* Assets.xcassets in Resources */ = {isa = PBXBuildFile; fileRef = A2B2671325D17ED500E97F1C /* Assets.xcassets */; };
		A2B2671725D17ED500E97F1C /* LaunchScreen.storyboard in Resources */ = {isa = PBXBuildFile; fileRef = A2B2671525D17ED500E97F1C /* LaunchScreen.storyboard */; };
		A2B2672225D17ED500E97F1C /* ScannerTests.swift in Sources */ = {isa = PBXBuildFile; fileRef = A2B2672125D17ED500E97F1C /* ScannerTests.swift */; };
		A2B2672D25D17ED600E97F1C /* ScannerUITests.swift in Sources */ = {isa = PBXBuildFile; fileRef = A2B2672C25D17ED600E97F1C /* ScannerUITests.swift */; };
		B8D4348D413A0737560733FB /* Pods_Scanner_ScannerUITests.framework in Frameworks */ = {isa = PBXBuildFile; fileRef = 5D01D35FA9E55BAF059A71F0 /* Pods_Scanner_ScannerUITests.framework */; };
		D0E2416EA3B8EE6BF9ABAA59 /* Pods_Scanner.framework in Frameworks */ = {isa = PBXBuildFile; fileRef = C7545D8B4CA90B8C259303E9 /* Pods_Scanner.framework */; };
/* End PBXBuildFile section */

/* Begin PBXContainerItemProxy section */
		A2B2671E25D17ED500E97F1C /* PBXContainerItemProxy */ = {
			isa = PBXContainerItemProxy;
			containerPortal = A2B266FF25D17ED400E97F1C /* Project object */;
			proxyType = 1;
			remoteGlobalIDString = A2B2670625D17ED400E97F1C;
			remoteInfo = Scanner;
		};
		A2B2672925D17ED600E97F1C /* PBXContainerItemProxy */ = {
			isa = PBXContainerItemProxy;
			containerPortal = A2B266FF25D17ED400E97F1C /* Project object */;
			proxyType = 1;
			remoteGlobalIDString = A2B2670625D17ED400E97F1C;
			remoteInfo = Scanner;
		};
/* End PBXContainerItemProxy section */

/* Begin PBXFileReference section */
		0300558B37DB601BA3B0A500 /* Pods_ScannerTests.framework */ = {isa = PBXFileReference; explicitFileType = wrapper.framework; includeInIndex = 0; path = Pods_ScannerTests.framework; sourceTree = BUILT_PRODUCTS_DIR; };
		0C32C26A9F56AD8BC01FF0B3 /* Pods-Scanner-ScannerUITests.release.xcconfig */ = {isa = PBXFileReference; includeInIndex = 1; lastKnownFileType = text.xcconfig; name = "Pods-Scanner-ScannerUITests.release.xcconfig"; path = "Target Support Files/Pods-Scanner-ScannerUITests/Pods-Scanner-ScannerUITests.release.xcconfig"; sourceTree = "<group>"; };
		1A7D718F310A35E738014D0A /* Pods-Scanner.debug.xcconfig */ = {isa = PBXFileReference; includeInIndex = 1; lastKnownFileType = text.xcconfig; name = "Pods-Scanner.debug.xcconfig"; path = "Target Support Files/Pods-Scanner/Pods-Scanner.debug.xcconfig"; sourceTree = "<group>"; };
		5D01D35FA9E55BAF059A71F0 /* Pods_Scanner_ScannerUITests.framework */ = {isa = PBXFileReference; explicitFileType = wrapper.framework; includeInIndex = 0; path = Pods_Scanner_ScannerUITests.framework; sourceTree = BUILT_PRODUCTS_DIR; };
		A009BB05BA9D9CD43A44EB96 /* Pods-Scanner.release.xcconfig */ = {isa = PBXFileReference; includeInIndex = 1; lastKnownFileType = text.xcconfig; name = "Pods-Scanner.release.xcconfig"; path = "Target Support Files/Pods-Scanner/Pods-Scanner.release.xcconfig"; sourceTree = "<group>"; };
		A21921E225D6A340000A7D4E /* ActionsViewController.swift */ = {isa = PBXFileReference; lastKnownFileType = sourcecode.swift; path = ActionsViewController.swift; sourceTree = "<group>"; };
		A25841E225D2CE54008121EA /* RootTabViewController.swift */ = {isa = PBXFileReference; lastKnownFileType = sourcecode.swift; path = RootTabViewController.swift; sourceTree = "<group>"; };
		A28A2B9125D2C38B0012CDC0 /* ImageTableViewController.swift */ = {isa = PBXFileReference; lastKnownFileType = sourcecode.swift; path = ImageTableViewController.swift; sourceTree = "<group>"; };
		A28A2B9B25D2C3C90012CDC0 /* AccountViewController.swift */ = {isa = PBXFileReference; lastKnownFileType = sourcecode.swift; path = AccountViewController.swift; sourceTree = "<group>"; };
		A2B2670725D17ED400E97F1C /* Scanner.app */ = {isa = PBXFileReference; explicitFileType = wrapper.application; includeInIndex = 0; path = Scanner.app; sourceTree = BUILT_PRODUCTS_DIR; };
		A2B2670A25D17ED400E97F1C /* AppDelegate.swift */ = {isa = PBXFileReference; lastKnownFileType = sourcecode.swift; path = AppDelegate.swift; sourceTree = "<group>"; };
		A2B2670C25D17ED400E97F1C /* SceneDelegate.swift */ = {isa = PBXFileReference; lastKnownFileType = sourcecode.swift; path = SceneDelegate.swift; sourceTree = "<group>"; };
		A2B2671125D17ED400E97F1C /* Base */ = {isa = PBXFileReference; lastKnownFileType = file.storyboard; name = Base; path = Base.lproj/Main.storyboard; sourceTree = "<group>"; };
		A2B2671325D17ED500E97F1C /* Assets.xcassets */ = {isa = PBXFileReference; lastKnownFileType = folder.assetcatalog; path = Assets.xcassets; sourceTree = "<group>"; };
		A2B2671625D17ED500E97F1C /* Base */ = {isa = PBXFileReference; lastKnownFileType = file.storyboard; name = Base; path = Base.lproj/LaunchScreen.storyboard; sourceTree = "<group>"; };
		A2B2671825D17ED500E97F1C /* Info.plist */ = {isa = PBXFileReference; lastKnownFileType = text.plist.xml; path = Info.plist; sourceTree = "<group>"; };
		A2B2671D25D17ED500E97F1C /* ScannerTests.xctest */ = {isa = PBXFileReference; explicitFileType = wrapper.cfbundle; includeInIndex = 0; path = ScannerTests.xctest; sourceTree = BUILT_PRODUCTS_DIR; };
		A2B2672125D17ED500E97F1C /* ScannerTests.swift */ = {isa = PBXFileReference; lastKnownFileType = sourcecode.swift; path = ScannerTests.swift; sourceTree = "<group>"; };
		A2B2672325D17ED500E97F1C /* Info.plist */ = {isa = PBXFileReference; lastKnownFileType = text.plist.xml; path = Info.plist; sourceTree = "<group>"; };
		A2B2672825D17ED600E97F1C /* ScannerUITests.xctest */ = {isa = PBXFileReference; explicitFileType = wrapper.cfbundle; includeInIndex = 0; path = ScannerUITests.xctest; sourceTree = BUILT_PRODUCTS_DIR; };
		A2B2672C25D17ED600E97F1C /* ScannerUITests.swift */ = {isa = PBXFileReference; lastKnownFileType = sourcecode.swift; path = ScannerUITests.swift; sourceTree = "<group>"; };
		A2B2672E25D17ED600E97F1C /* Info.plist */ = {isa = PBXFileReference; lastKnownFileType = text.plist.xml; path = Info.plist; sourceTree = "<group>"; };
		AFBD9D9E1E63A33332C95CC6 /* Pods-ScannerTests.release.xcconfig */ = {isa = PBXFileReference; includeInIndex = 1; lastKnownFileType = text.xcconfig; name = "Pods-ScannerTests.release.xcconfig"; path = "Target Support Files/Pods-ScannerTests/Pods-ScannerTests.release.xcconfig"; sourceTree = "<group>"; };
		C4EEA229D0CDDDF9D0D9BAF3 /* Pods-ScannerTests.debug.xcconfig */ = {isa = PBXFileReference; includeInIndex = 1; lastKnownFileType = text.xcconfig; name = "Pods-ScannerTests.debug.xcconfig"; path = "Target Support Files/Pods-ScannerTests/Pods-ScannerTests.debug.xcconfig"; sourceTree = "<group>"; };
		C7545D8B4CA90B8C259303E9 /* Pods_Scanner.framework */ = {isa = PBXFileReference; explicitFileType = wrapper.framework; includeInIndex = 0; path = Pods_Scanner.framework; sourceTree = BUILT_PRODUCTS_DIR; };
		D14FC04F0D6A0FAC494E004C /* Pods-Scanner-ScannerUITests.debug.xcconfig */ = {isa = PBXFileReference; includeInIndex = 1; lastKnownFileType = text.xcconfig; name = "Pods-Scanner-ScannerUITests.debug.xcconfig"; path = "Target Support Files/Pods-Scanner-ScannerUITests/Pods-Scanner-ScannerUITests.debug.xcconfig"; sourceTree = "<group>"; };
/* End PBXFileReference section */

/* Begin PBXFrameworksBuildPhase section */
		A2B2670425D17ED400E97F1C /* Frameworks */ = {
			isa = PBXFrameworksBuildPhase;
			buildActionMask = 2147483647;
			files = (
				D0E2416EA3B8EE6BF9ABAA59 /* Pods_Scanner.framework in Frameworks */,
			);
			runOnlyForDeploymentPostprocessing = 0;
		};
		A2B2671A25D17ED500E97F1C /* Frameworks */ = {
			isa = PBXFrameworksBuildPhase;
			buildActionMask = 2147483647;
			files = (
				96943BF6388698AF351C3154 /* Pods_ScannerTests.framework in Frameworks */,
			);
			runOnlyForDeploymentPostprocessing = 0;
		};
		A2B2672525D17ED600E97F1C /* Frameworks */ = {
			isa = PBXFrameworksBuildPhase;
			buildActionMask = 2147483647;
			files = (
				B8D4348D413A0737560733FB /* Pods_Scanner_ScannerUITests.framework in Frameworks */,
			);
			runOnlyForDeploymentPostprocessing = 0;
		};
/* End PBXFrameworksBuildPhase section */

/* Begin PBXGroup section */
		A16C7E05E4C3F03E79F444A4 /* Pods */ = {
			isa = PBXGroup;
			children = (
				1A7D718F310A35E738014D0A /* Pods-Scanner.debug.xcconfig */,
				A009BB05BA9D9CD43A44EB96 /* Pods-Scanner.release.xcconfig */,
				D14FC04F0D6A0FAC494E004C /* Pods-Scanner-ScannerUITests.debug.xcconfig */,
				0C32C26A9F56AD8BC01FF0B3 /* Pods-Scanner-ScannerUITests.release.xcconfig */,
				C4EEA229D0CDDDF9D0D9BAF3 /* Pods-ScannerTests.debug.xcconfig */,
				AFBD9D9E1E63A33332C95CC6 /* Pods-ScannerTests.release.xcconfig */,
			);
			path = Pods;
			sourceTree = "<group>";
		};
		A21921E125D6A32E000A7D4E /* Actions */ = {
			isa = PBXGroup;
			children = (
				A21921E225D6A340000A7D4E /* ActionsViewController.swift */,
			);
			path = Actions;
			sourceTree = "<group>";
		};
		A25841D325D2CDAD008121EA /* Account */ = {
			isa = PBXGroup;
			children = (
				A28A2B9B25D2C3C90012CDC0 /* AccountViewController.swift */,
			);
			path = Account;
			sourceTree = "<group>";
		};
		A25841DB25D2CDC7008121EA /* Image */ = {
			isa = PBXGroup;
			children = (
				A28A2B9125D2C38B0012CDC0 /* ImageTableViewController.swift */,
			);
			path = Image;
			sourceTree = "<group>";
		};
		A25841DD25D2CE12008121EA /* Parent */ = {
			isa = PBXGroup;
			children = (
				A25841E225D2CE54008121EA /* RootTabViewController.swift */,
			);
			path = Parent;
			sourceTree = "<group>";
		};
		A25841DE25D2CE22008121EA /* Children */ = {
			isa = PBXGroup;
			children = (
				A21921E125D6A32E000A7D4E /* Actions */,
				A25841DB25D2CDC7008121EA /* Image */,
				A25841D325D2CDAD008121EA /* Account */,
			);
			path = Children;
			sourceTree = "<group>";
		};
		A25841E725D2D266008121EA /* Models */ = {
			isa = PBXGroup;
			children = (
			);
			path = Models;
			sourceTree = "<group>";
		};
		A25841E825D2D26C008121EA /* Views */ = {
			isa = PBXGroup;
			children = (
			);
			path = Views;
			sourceTree = "<group>";
		};
		A25841F825D2DB22008121EA /* ViewModel */ = {
			isa = PBXGroup;
			children = (
			);
			path = ViewModel;
			sourceTree = "<group>";
		};
		A28A2B9625D2C39A0012CDC0 /* Entrypoint */ = {
			isa = PBXGroup;
			children = (
				A2B2670A25D17ED400E97F1C /* AppDelegate.swift */,
				A2B2670C25D17ED400E97F1C /* SceneDelegate.swift */,
			);
			path = Entrypoint;
			sourceTree = "<group>";
		};
		A28A2B9A25D2C3AB0012CDC0 /* Controllers */ = {
			isa = PBXGroup;
			children = (
				A25841DD25D2CE12008121EA /* Parent */,
				A25841DE25D2CE22008121EA /* Children */,
			);
			path = Controllers;
			sourceTree = "<group>";
		};
		A28A2BA325D2C3D80012CDC0 /* Storyboards */ = {
			isa = PBXGroup;
			children = (
				A2B2671025D17ED400E97F1C /* Main.storyboard */,
				A2B2671525D17ED500E97F1C /* LaunchScreen.storyboard */,
			);
			path = Storyboards;
			sourceTree = "<group>";
		};
		A28A2BA425D2C3E50012CDC0 /* SupportingFiles */ = {
			isa = PBXGroup;
			children = (
				A2B2671325D17ED500E97F1C /* Assets.xcassets */,
				A2B2671825D17ED500E97F1C /* Info.plist */,
			);
			path = SupportingFiles;
			sourceTree = "<group>";
		};
		A2B266FE25D17ED400E97F1C = {
			isa = PBXGroup;
			children = (
				A2B2670925D17ED400E97F1C /* Scanner */,
				A2B2672025D17ED500E97F1C /* ScannerTests */,
				A2B2672B25D17ED600E97F1C /* ScannerUITests */,
				A2B2670825D17ED400E97F1C /* Products */,
				A16C7E05E4C3F03E79F444A4 /* Pods */,
				C2C54956BF1AFEAAA54A9917 /* Frameworks */,
			);
			sourceTree = "<group>";
		};
		A2B2670825D17ED400E97F1C /* Products */ = {
			isa = PBXGroup;
			children = (
				A2B2670725D17ED400E97F1C /* Scanner.app */,
				A2B2671D25D17ED500E97F1C /* ScannerTests.xctest */,
				A2B2672825D17ED600E97F1C /* ScannerUITests.xctest */,
			);
			name = Products;
			sourceTree = "<group>";
		};
		A2B2670925D17ED400E97F1C /* Scanner */ = {
			isa = PBXGroup;
			children = (
				A25841F825D2DB22008121EA /* ViewModel */,
				A25841E725D2D266008121EA /* Models */,
				A25841E825D2D26C008121EA /* Views */,
				A28A2B9A25D2C3AB0012CDC0 /* Controllers */,
				A28A2B9625D2C39A0012CDC0 /* Entrypoint */,
				A28A2BA325D2C3D80012CDC0 /* Storyboards */,
				A28A2BA425D2C3E50012CDC0 /* SupportingFiles */,
			);
			path = Scanner;
			sourceTree = "<group>";
		};
		A2B2672025D17ED500E97F1C /* ScannerTests */ = {
			isa = PBXGroup;
			children = (
				A2B2672125D17ED500E97F1C /* ScannerTests.swift */,
				A2B2672325D17ED500E97F1C /* Info.plist */,
			);
			path = ScannerTests;
			sourceTree = "<group>";
		};
		A2B2672B25D17ED600E97F1C /* ScannerUITests */ = {
			isa = PBXGroup;
			children = (
				A2B2672C25D17ED600E97F1C /* ScannerUITests.swift */,
				A2B2672E25D17ED600E97F1C /* Info.plist */,
			);
			path = ScannerUITests;
			sourceTree = "<group>";
		};
		C2C54956BF1AFEAAA54A9917 /* Frameworks */ = {
			isa = PBXGroup;
			children = (
				C7545D8B4CA90B8C259303E9 /* Pods_Scanner.framework */,
				5D01D35FA9E55BAF059A71F0 /* Pods_Scanner_ScannerUITests.framework */,
				0300558B37DB601BA3B0A500 /* Pods_ScannerTests.framework */,
			);
			name = Frameworks;
			sourceTree = "<group>";
		};
/* End PBXGroup section */

/* Begin PBXNativeTarget section */
		A2B2670625D17ED400E97F1C /* Scanner */ = {
			isa = PBXNativeTarget;
			buildConfigurationList = A2B2673125D17ED600E97F1C /* Build configuration list for PBXNativeTarget "Scanner" */;
			buildPhases = (
				4C52178BE584917CDDA8F208 /* [CP] Check Pods Manifest.lock */,
				A2B2670325D17ED400E97F1C /* Sources */,
				A2B2670425D17ED400E97F1C /* Frameworks */,
				A2B2670525D17ED400E97F1C /* Resources */,
				B3D8AA6B3567AAC0C7E4B52B /* [CP] Embed Pods Frameworks */,
			);
			buildRules = (
			);
			dependencies = (
			);
			name = Scanner;
			productName = Scanner;
			productReference = A2B2670725D17ED400E97F1C /* Scanner.app */;
			productType = "com.apple.product-type.application";
		};
		A2B2671C25D17ED500E97F1C /* ScannerTests */ = {
			isa = PBXNativeTarget;
			buildConfigurationList = A2B2673425D17ED600E97F1C /* Build configuration list for PBXNativeTarget "ScannerTests" */;
			buildPhases = (
				4A3FB08F10CCCA2D071EA89E /* [CP] Check Pods Manifest.lock */,
				A2B2671925D17ED500E97F1C /* Sources */,
				A2B2671A25D17ED500E97F1C /* Frameworks */,
				A2B2671B25D17ED500E97F1C /* Resources */,
			);
			buildRules = (
			);
			dependencies = (
				A2B2671F25D17ED500E97F1C /* PBXTargetDependency */,
			);
			name = ScannerTests;
			productName = ScannerTests;
			productReference = A2B2671D25D17ED500E97F1C /* ScannerTests.xctest */;
			productType = "com.apple.product-type.bundle.unit-test";
		};
		A2B2672725D17ED600E97F1C /* ScannerUITests */ = {
			isa = PBXNativeTarget;
			buildConfigurationList = A2B2673725D17ED600E97F1C /* Build configuration list for PBXNativeTarget "ScannerUITests" */;
			buildPhases = (
				A666324A7C145B18E0C69902 /* [CP] Check Pods Manifest.lock */,
				A2B2672425D17ED600E97F1C /* Sources */,
				A2B2672525D17ED600E97F1C /* Frameworks */,
				A2B2672625D17ED600E97F1C /* Resources */,
				BFCA1E85CE452109074ABEF9 /* [CP] Embed Pods Frameworks */,
			);
			buildRules = (
			);
			dependencies = (
				A2B2672A25D17ED600E97F1C /* PBXTargetDependency */,
			);
			name = ScannerUITests;
			productName = ScannerUITests;
			productReference = A2B2672825D17ED600E97F1C /* ScannerUITests.xctest */;
			productType = "com.apple.product-type.bundle.ui-testing";
		};
/* End PBXNativeTarget section */

/* Begin PBXProject section */
		A2B266FF25D17ED400E97F1C /* Project object */ = {
			isa = PBXProject;
			attributes = {
				LastSwiftUpdateCheck = 1240;
				LastUpgradeCheck = 1240;
				TargetAttributes = {
					A2B2670625D17ED400E97F1C = {
						CreatedOnToolsVersion = 12.4;
					};
					A2B2671C25D17ED500E97F1C = {
						CreatedOnToolsVersion = 12.4;
						TestTargetID = A2B2670625D17ED400E97F1C;
					};
					A2B2672725D17ED600E97F1C = {
						CreatedOnToolsVersion = 12.4;
						TestTargetID = A2B2670625D17ED400E97F1C;
					};
				};
			};
			buildConfigurationList = A2B2670225D17ED400E97F1C /* Build configuration list for PBXProject "Scanner" */;
			compatibilityVersion = "Xcode 9.3";
			developmentRegion = en;
			hasScannedForEncodings = 0;
			knownRegions = (
				en,
				Base,
			);
			mainGroup = A2B266FE25D17ED400E97F1C;
			productRefGroup = A2B2670825D17ED400E97F1C /* Products */;
			projectDirPath = "";
			projectRoot = "";
			targets = (
				A2B2670625D17ED400E97F1C /* Scanner */,
				A2B2671C25D17ED500E97F1C /* ScannerTests */,
				A2B2672725D17ED600E97F1C /* ScannerUITests */,
			);
		};
/* End PBXProject section */

/* Begin PBXResourcesBuildPhase section */
		A2B2670525D17ED400E97F1C /* Resources */ = {
			isa = PBXResourcesBuildPhase;
			buildActionMask = 2147483647;
			files = (
				A2B2671725D17ED500E97F1C /* LaunchScreen.storyboard in Resources */,
				A2B2671425D17ED500E97F1C /* Assets.xcassets in Resources */,
				A2B2671225D17ED400E97F1C /* Main.storyboard in Resources */,
			);
			runOnlyForDeploymentPostprocessing = 0;
		};
		A2B2671B25D17ED500E97F1C /* Resources */ = {
			isa = PBXResourcesBuildPhase;
			buildActionMask = 2147483647;
			files = (
			);
			runOnlyForDeploymentPostprocessing = 0;
		};
		A2B2672625D17ED600E97F1C /* Resources */ = {
			isa = PBXResourcesBuildPhase;
			buildActionMask = 2147483647;
			files = (
			);
			runOnlyForDeploymentPostprocessing = 0;
		};
/* End PBXResourcesBuildPhase section */

/* Begin PBXShellScriptBuildPhase section */
		4A3FB08F10CCCA2D071EA89E /* [CP] Check Pods Manifest.lock */ = {
			isa = PBXShellScriptBuildPhase;
			buildActionMask = 2147483647;
			files = (
			);
			inputFileListPaths = (
			);
			inputPaths = (
				"${PODS_PODFILE_DIR_PATH}/Podfile.lock",
				"${PODS_ROOT}/Manifest.lock",
			);
			name = "[CP] Check Pods Manifest.lock";
			outputFileListPaths = (
			);
			outputPaths = (
				"$(DERIVED_FILE_DIR)/Pods-ScannerTests-checkManifestLockResult.txt",
			);
			runOnlyForDeploymentPostprocessing = 0;
			shellPath = /bin/sh;
			shellScript = "diff \"${PODS_PODFILE_DIR_PATH}/Podfile.lock\" \"${PODS_ROOT}/Manifest.lock\" > /dev/null\nif [ $? != 0 ] ; then\n    # print error to STDERR\n    echo \"error: The sandbox is not in sync with the Podfile.lock. Run 'pod install' or update your CocoaPods installation.\" >&2\n    exit 1\nfi\n# This output is used by Xcode 'outputs' to avoid re-running this script phase.\necho \"SUCCESS\" > \"${SCRIPT_OUTPUT_FILE_0}\"\n";
			showEnvVarsInLog = 0;
		};
		4C52178BE584917CDDA8F208 /* [CP] Check Pods Manifest.lock */ = {
			isa = PBXShellScriptBuildPhase;
			buildActionMask = 2147483647;
			files = (
			);
			inputFileListPaths = (
			);
			inputPaths = (
				"${PODS_PODFILE_DIR_PATH}/Podfile.lock",
				"${PODS_ROOT}/Manifest.lock",
			);
			name = "[CP] Check Pods Manifest.lock";
			outputFileListPaths = (
			);
			outputPaths = (
				"$(DERIVED_FILE_DIR)/Pods-Scanner-checkManifestLockResult.txt",
			);
			runOnlyForDeploymentPostprocessing = 0;
			shellPath = /bin/sh;
			shellScript = "diff \"${PODS_PODFILE_DIR_PATH}/Podfile.lock\" \"${PODS_ROOT}/Manifest.lock\" > /dev/null\nif [ $? != 0 ] ; then\n    # print error to STDERR\n    echo \"error: The sandbox is not in sync with the Podfile.lock. Run 'pod install' or update your CocoaPods installation.\" >&2\n    exit 1\nfi\n# This output is used by Xcode 'outputs' to avoid re-running this script phase.\necho \"SUCCESS\" > \"${SCRIPT_OUTPUT_FILE_0}\"\n";
			showEnvVarsInLog = 0;
		};
		A666324A7C145B18E0C69902 /* [CP] Check Pods Manifest.lock */ = {
			isa = PBXShellScriptBuildPhase;
			buildActionMask = 2147483647;
			files = (
			);
			inputFileListPaths = (
			);
			inputPaths = (
				"${PODS_PODFILE_DIR_PATH}/Podfile.lock",
				"${PODS_ROOT}/Manifest.lock",
			);
			name = "[CP] Check Pods Manifest.lock";
			outputFileListPaths = (
			);
			outputPaths = (
				"$(DERIVED_FILE_DIR)/Pods-Scanner-ScannerUITests-checkManifestLockResult.txt",
			);
			runOnlyForDeploymentPostprocessing = 0;
			shellPath = /bin/sh;
			shellScript = "diff \"${PODS_PODFILE_DIR_PATH}/Podfile.lock\" \"${PODS_ROOT}/Manifest.lock\" > /dev/null\nif [ $? != 0 ] ; then\n    # print error to STDERR\n    echo \"error: The sandbox is not in sync with the Podfile.lock. Run 'pod install' or update your CocoaPods installation.\" >&2\n    exit 1\nfi\n# This output is used by Xcode 'outputs' to avoid re-running this script phase.\necho \"SUCCESS\" > \"${SCRIPT_OUTPUT_FILE_0}\"\n";
			showEnvVarsInLog = 0;
		};
		B3D8AA6B3567AAC0C7E4B52B /* [CP] Embed Pods Frameworks */ = {
			isa = PBXShellScriptBuildPhase;
			buildActionMask = 2147483647;
			files = (
			);
			inputFileListPaths = (
				"${PODS_ROOT}/Target Support Files/Pods-Scanner/Pods-Scanner-frameworks-${CONFIGURATION}-input-files.xcfilelist",
			);
			name = "[CP] Embed Pods Frameworks";
			outputFileListPaths = (
				"${PODS_ROOT}/Target Support Files/Pods-Scanner/Pods-Scanner-frameworks-${CONFIGURATION}-output-files.xcfilelist",
			);
			runOnlyForDeploymentPostprocessing = 0;
			shellPath = /bin/sh;
			shellScript = "\"${PODS_ROOT}/Target Support Files/Pods-Scanner/Pods-Scanner-frameworks.sh\"\n";
			showEnvVarsInLog = 0;
		};
		BFCA1E85CE452109074ABEF9 /* [CP] Embed Pods Frameworks */ = {
			isa = PBXShellScriptBuildPhase;
			buildActionMask = 2147483647;
			files = (
			);
			inputFileListPaths = (
				"${PODS_ROOT}/Target Support Files/Pods-Scanner-ScannerUITests/Pods-Scanner-ScannerUITests-frameworks-${CONFIGURATION}-input-files.xcfilelist",
			);
			name = "[CP] Embed Pods Frameworks";
			outputFileListPaths = (
				"${PODS_ROOT}/Target Support Files/Pods-Scanner-ScannerUITests/Pods-Scanner-ScannerUITests-frameworks-${CONFIGURATION}-output-files.xcfilelist",
			);
			runOnlyForDeploymentPostprocessing = 0;
			shellPath = /bin/sh;
			shellScript = "\"${PODS_ROOT}/Target Support Files/Pods-Scanner-ScannerUITests/Pods-Scanner-ScannerUITests-frameworks.sh\"\n";
			showEnvVarsInLog = 0;
		};
/* End PBXShellScriptBuildPhase section */

/* Begin PBXSourcesBuildPhase section */
		A2B2670325D17ED400E97F1C /* Sources */ = {
			isa = PBXSourcesBuildPhase;
			buildActionMask = 2147483647;
			files = (
				A21921E325D6A340000A7D4E /* ActionsViewController.swift in Sources */,
				A25841E325D2CE54008121EA /* RootTabViewController.swift in Sources */,
				A28A2B9C25D2C3C90012CDC0 /* AccountViewController.swift in Sources */,
				A2B2670B25D17ED400E97F1C /* AppDelegate.swift in Sources */,
				A28A2B9225D2C38B0012CDC0 /* ImageTableViewController.swift in Sources */,
				A2B2670D25D17ED400E97F1C /* SceneDelegate.swift in Sources */,
			);
			runOnlyForDeploymentPostprocessing = 0;
		};
		A2B2671925D17ED500E97F1C /* Sources */ = {
			isa = PBXSourcesBuildPhase;
			buildActionMask = 2147483647;
			files = (
				A2B2672225D17ED500E97F1C /* ScannerTests.swift in Sources */,
			);
			runOnlyForDeploymentPostprocessing = 0;
		};
		A2B2672425D17ED600E97F1C /* Sources */ = {
			isa = PBXSourcesBuildPhase;
			buildActionMask = 2147483647;
			files = (
				A2B2672D25D17ED600E97F1C /* ScannerUITests.swift in Sources */,
			);
			runOnlyForDeploymentPostprocessing = 0;
		};
/* End PBXSourcesBuildPhase section */

/* Begin PBXTargetDependency section */
		A2B2671F25D17ED500E97F1C /* PBXTargetDependency */ = {
			isa = PBXTargetDependency;
			target = A2B2670625D17ED400E97F1C /* Scanner */;
			targetProxy = A2B2671E25D17ED500E97F1C /* PBXContainerItemProxy */;
		};
		A2B2672A25D17ED600E97F1C /* PBXTargetDependency */ = {
			isa = PBXTargetDependency;
			target = A2B2670625D17ED400E97F1C /* Scanner */;
			targetProxy = A2B2672925D17ED600E97F1C /* PBXContainerItemProxy */;
		};
/* End PBXTargetDependency section */

/* Begin PBXVariantGroup section */
		A2B2671025D17ED400E97F1C /* Main.storyboard */ = {
			isa = PBXVariantGroup;
			children = (
				A2B2671125D17ED400E97F1C /* Base */,
			);
			name = Main.storyboard;
			sourceTree = "<group>";
		};
		A2B2671525D17ED500E97F1C /* LaunchScreen.storyboard */ = {
			isa = PBXVariantGroup;
			children = (
				A2B2671625D17ED500E97F1C /* Base */,
			);
			name = LaunchScreen.storyboard;
			sourceTree = "<group>";
		};
/* End PBXVariantGroup section */

/* Begin XCBuildConfiguration section */
		A2B2672F25D17ED600E97F1C /* Debug */ = {
			isa = XCBuildConfiguration;
			buildSettings = {
				ALWAYS_SEARCH_USER_PATHS = NO;
				CLANG_ANALYZER_NONNULL = YES;
				CLANG_ANALYZER_NUMBER_OBJECT_CONVERSION = YES_AGGRESSIVE;
				CLANG_CXX_LANGUAGE_STANDARD = "gnu++14";
				CLANG_CXX_LIBRARY = "libc++";
				CLANG_ENABLE_MODULES = YES;
				CLANG_ENABLE_OBJC_ARC = YES;
				CLANG_ENABLE_OBJC_WEAK = YES;
				CLANG_WARN_BLOCK_CAPTURE_AUTORELEASING = YES;
				CLANG_WARN_BOOL_CONVERSION = YES;
				CLANG_WARN_COMMA = YES;
				CLANG_WARN_CONSTANT_CONVERSION = YES;
				CLANG_WARN_DEPRECATED_OBJC_IMPLEMENTATIONS = YES;
				CLANG_WARN_DIRECT_OBJC_ISA_USAGE = YES_ERROR;
				CLANG_WARN_DOCUMENTATION_COMMENTS = YES;
				CLANG_WARN_EMPTY_BODY = YES;
				CLANG_WARN_ENUM_CONVERSION = YES;
				CLANG_WARN_INFINITE_RECURSION = YES;
				CLANG_WARN_INT_CONVERSION = YES;
				CLANG_WARN_NON_LITERAL_NULL_CONVERSION = YES;
				CLANG_WARN_OBJC_IMPLICIT_RETAIN_SELF = YES;
				CLANG_WARN_OBJC_LITERAL_CONVERSION = YES;
				CLANG_WARN_OBJC_ROOT_CLASS = YES_ERROR;
				CLANG_WARN_QUOTED_INCLUDE_IN_FRAMEWORK_HEADER = YES;
				CLANG_WARN_RANGE_LOOP_ANALYSIS = YES;
				CLANG_WARN_STRICT_PROTOTYPES = YES;
				CLANG_WARN_SUSPICIOUS_MOVE = YES;
				CLANG_WARN_UNGUARDED_AVAILABILITY = YES_AGGRESSIVE;
				CLANG_WARN_UNREACHABLE_CODE = YES;
				CLANG_WARN__DUPLICATE_METHOD_MATCH = YES;
				COPY_PHASE_STRIP = NO;
				DEBUG_INFORMATION_FORMAT = dwarf;
				ENABLE_STRICT_OBJC_MSGSEND = YES;
				ENABLE_TESTABILITY = YES;
				GCC_C_LANGUAGE_STANDARD = gnu11;
				GCC_DYNAMIC_NO_PIC = NO;
				GCC_NO_COMMON_BLOCKS = YES;
				GCC_OPTIMIZATION_LEVEL = 0;
				GCC_PREPROCESSOR_DEFINITIONS = (
					"DEBUG=1",
					"$(inherited)",
				);
				GCC_WARN_64_TO_32_BIT_CONVERSION = YES;
				GCC_WARN_ABOUT_RETURN_TYPE = YES_ERROR;
				GCC_WARN_UNDECLARED_SELECTOR = YES;
				GCC_WARN_UNINITIALIZED_AUTOS = YES_AGGRESSIVE;
				GCC_WARN_UNUSED_FUNCTION = YES;
				GCC_WARN_UNUSED_VARIABLE = YES;
				IPHONEOS_DEPLOYMENT_TARGET = 14.4;
				MTL_ENABLE_DEBUG_INFO = INCLUDE_SOURCE;
				MTL_FAST_MATH = YES;
				ONLY_ACTIVE_ARCH = YES;
				SDKROOT = iphoneos;
				SWIFT_ACTIVE_COMPILATION_CONDITIONS = DEBUG;
				SWIFT_OPTIMIZATION_LEVEL = "-Onone";
			};
			name = Debug;
		};
		A2B2673025D17ED600E97F1C /* Release */ = {
			isa = XCBuildConfiguration;
			buildSettings = {
				ALWAYS_SEARCH_USER_PATHS = NO;
				CLANG_ANALYZER_NONNULL = YES;
				CLANG_ANALYZER_NUMBER_OBJECT_CONVERSION = YES_AGGRESSIVE;
				CLANG_CXX_LANGUAGE_STANDARD = "gnu++14";
				CLANG_CXX_LIBRARY = "libc++";
				CLANG_ENABLE_MODULES = YES;
				CLANG_ENABLE_OBJC_ARC = YES;
				CLANG_ENABLE_OBJC_WEAK = YES;
				CLANG_WARN_BLOCK_CAPTURE_AUTORELEASING = YES;
				CLANG_WARN_BOOL_CONVERSION = YES;
				CLANG_WARN_COMMA = YES;
				CLANG_WARN_CONSTANT_CONVERSION = YES;
				CLANG_WARN_DEPRECATED_OBJC_IMPLEMENTATIONS = YES;
				CLANG_WARN_DIRECT_OBJC_ISA_USAGE = YES_ERROR;
				CLANG_WARN_DOCUMENTATION_COMMENTS = YES;
				CLANG_WARN_EMPTY_BODY = YES;
				CLANG_WARN_ENUM_CONVERSION = YES;
				CLANG_WARN_INFINITE_RECURSION = YES;
				CLANG_WARN_INT_CONVERSION = YES;
				CLANG_WARN_NON_LITERAL_NULL_CONVERSION = YES;
				CLANG_WARN_OBJC_IMPLICIT_RETAIN_SELF = YES;
				CLANG_WARN_OBJC_LITERAL_CONVERSION = YES;
				CLANG_WARN_OBJC_ROOT_CLASS = YES_ERROR;
				CLANG_WARN_QUOTED_INCLUDE_IN_FRAMEWORK_HEADER = YES;
				CLANG_WARN_RANGE_LOOP_ANALYSIS = YES;
				CLANG_WARN_STRICT_PROTOTYPES = YES;
				CLANG_WARN_SUSPICIOUS_MOVE = YES;
				CLANG_WARN_UNGUARDED_AVAILABILITY = YES_AGGRESSIVE;
				CLANG_WARN_UNREACHABLE_CODE = YES;
				CLANG_WARN__DUPLICATE_METHOD_MATCH = YES;
				COPY_PHASE_STRIP = NO;
				DEBUG_INFORMATION_FORMAT = "dwarf-with-dsym";
				ENABLE_NS_ASSERTIONS = NO;
				ENABLE_STRICT_OBJC_MSGSEND = YES;
				GCC_C_LANGUAGE_STANDARD = gnu11;
				GCC_NO_COMMON_BLOCKS = YES;
				GCC_WARN_64_TO_32_BIT_CONVERSION = YES;
				GCC_WARN_ABOUT_RETURN_TYPE = YES_ERROR;
				GCC_WARN_UNDECLARED_SELECTOR = YES;
				GCC_WARN_UNINITIALIZED_AUTOS = YES_AGGRESSIVE;
				GCC_WARN_UNUSED_FUNCTION = YES;
				GCC_WARN_UNUSED_VARIABLE = YES;
				IPHONEOS_DEPLOYMENT_TARGET = 14.4;
				MTL_ENABLE_DEBUG_INFO = NO;
				MTL_FAST_MATH = YES;
				SDKROOT = iphoneos;
				SWIFT_COMPILATION_MODE = wholemodule;
				SWIFT_OPTIMIZATION_LEVEL = "-O";
				VALIDATE_PRODUCT = YES;
			};
			name = Release;
		};
		A2B2673225D17ED600E97F1C /* Debug */ = {
			isa = XCBuildConfiguration;
			baseConfigurationReference = 1A7D718F310A35E738014D0A /* Pods-Scanner.debug.xcconfig */;
			buildSettings = {
				ASSETCATALOG_COMPILER_APPICON_NAME = AppIcon;
				ASSETCATALOG_COMPILER_GLOBAL_ACCENT_COLOR_NAME = AccentColor;
				CODE_SIGN_STYLE = Automatic;
				DEVELOPMENT_TEAM = 6Y9R2FT748;
				INFOPLIST_FILE = Scanner/SupportingFiles/Info.plist;
				IPHONEOS_DEPLOYMENT_TARGET = 14.4;
				LD_RUNPATH_SEARCH_PATHS = (
					"$(inherited)",
					"@executable_path/Frameworks",
				);
				PRODUCT_BUNDLE_IDENTIFIER = com.docaquire.ios;
				PRODUCT_NAME = "$(TARGET_NAME)";
				SWIFT_VERSION = 5.0;
				TARGETED_DEVICE_FAMILY = "1,2";
			};
			name = Debug;
		};
		A2B2673325D17ED600E97F1C /* Release */ = {
			isa = XCBuildConfiguration;
			baseConfigurationReference = A009BB05BA9D9CD43A44EB96 /* Pods-Scanner.release.xcconfig */;
			buildSettings = {
				ASSETCATALOG_COMPILER_APPICON_NAME = AppIcon;
				ASSETCATALOG_COMPILER_GLOBAL_ACCENT_COLOR_NAME = AccentColor;
				CODE_SIGN_STYLE = Automatic;
				DEVELOPMENT_TEAM = 6Y9R2FT748;
				INFOPLIST_FILE = Scanner/SupportingFiles/Info.plist;
				IPHONEOS_DEPLOYMENT_TARGET = 14.4;
				LD_RUNPATH_SEARCH_PATHS = (
					"$(inherited)",
					"@executable_path/Frameworks",
				);
				PRODUCT_BUNDLE_IDENTIFIER = com.docaquire.ios;
				PRODUCT_NAME = "$(TARGET_NAME)";
				SWIFT_VERSION = 5.0;
				TARGETED_DEVICE_FAMILY = "1,2";
			};
			name = Release;
		};
		A2B2673525D17ED600E97F1C /* Debug */ = {
			isa = XCBuildConfiguration;
			baseConfigurationReference = C4EEA229D0CDDDF9D0D9BAF3 /* Pods-ScannerTests.debug.xcconfig */;
			buildSettings = {
				ALWAYS_EMBED_SWIFT_STANDARD_LIBRARIES = "$(inherited)";
				BUNDLE_LOADER = "$(TEST_HOST)";
				CODE_SIGN_STYLE = Automatic;
				INFOPLIST_FILE = ScannerTests/Info.plist;
				IPHONEOS_DEPLOYMENT_TARGET = 14.4;
				LD_RUNPATH_SEARCH_PATHS = (
					"$(inherited)",
					"@executable_path/Frameworks",
					"@loader_path/Frameworks",
				);
				PRODUCT_BUNDLE_IDENTIFIER = com.capture.ScannerTests;
				PRODUCT_NAME = "$(TARGET_NAME)";
				SWIFT_VERSION = 5.0;
				TARGETED_DEVICE_FAMILY = "1,2";
				TEST_HOST = "$(BUILT_PRODUCTS_DIR)/Scanner.app/Scanner";
			};
			name = Debug;
		};
		A2B2673625D17ED600E97F1C /* Release */ = {
			isa = XCBuildConfiguration;
			baseConfigurationReference = AFBD9D9E1E63A33332C95CC6 /* Pods-ScannerTests.release.xcconfig */;
			buildSettings = {
				ALWAYS_EMBED_SWIFT_STANDARD_LIBRARIES = "$(inherited)";
				BUNDLE_LOADER = "$(TEST_HOST)";
				CODE_SIGN_STYLE = Automatic;
				INFOPLIST_FILE = ScannerTests/Info.plist;
				IPHONEOS_DEPLOYMENT_TARGET = 14.4;
				LD_RUNPATH_SEARCH_PATHS = (
					"$(inherited)",
					"@executable_path/Frameworks",
					"@loader_path/Frameworks",
				);
				PRODUCT_BUNDLE_IDENTIFIER = com.capture.ScannerTests;
				PRODUCT_NAME = "$(TARGET_NAME)";
				SWIFT_VERSION = 5.0;
				TARGETED_DEVICE_FAMILY = "1,2";
				TEST_HOST = "$(BUILT_PRODUCTS_DIR)/Scanner.app/Scanner";
			};
			name = Release;
		};
		A2B2673825D17ED600E97F1C /* Debug */ = {
			isa = XCBuildConfiguration;
			baseConfigurationReference = D14FC04F0D6A0FAC494E004C /* Pods-Scanner-ScannerUITests.debug.xcconfig */;
			buildSettings = {
				ALWAYS_EMBED_SWIFT_STANDARD_LIBRARIES = "$(inherited)";
				CODE_SIGN_STYLE = Automatic;
				INFOPLIST_FILE = ScannerUITests/Info.plist;
				LD_RUNPATH_SEARCH_PATHS = (
					"$(inherited)",
					"@executable_path/Frameworks",
					"@loader_path/Frameworks",
				);
				PRODUCT_BUNDLE_IDENTIFIER = com.capture.ScannerUITests;
				PRODUCT_NAME = "$(TARGET_NAME)";
				SWIFT_VERSION = 5.0;
				TARGETED_DEVICE_FAMILY = "1,2";
				TEST_TARGET_NAME = Scanner;
			};
			name = Debug;
		};
		A2B2673925D17ED600E97F1C /* Release */ = {
			isa = XCBuildConfiguration;
			baseConfigurationReference = 0C32C26A9F56AD8BC01FF0B3 /* Pods-Scanner-ScannerUITests.release.xcconfig */;
			buildSettings = {
				ALWAYS_EMBED_SWIFT_STANDARD_LIBRARIES = "$(inherited)";
				CODE_SIGN_STYLE = Automatic;
				INFOPLIST_FILE = ScannerUITests/Info.plist;
				LD_RUNPATH_SEARCH_PATHS = (
					"$(inherited)",
					"@executable_path/Frameworks",
					"@loader_path/Frameworks",
				);
				PRODUCT_BUNDLE_IDENTIFIER = com.capture.ScannerUITests;
				PRODUCT_NAME = "$(TARGET_NAME)";
				SWIFT_VERSION = 5.0;
				TARGETED_DEVICE_FAMILY = "1,2";
				TEST_TARGET_NAME = Scanner;
			};
			name = Release;
		};
/* End XCBuildConfiguration section */

/* Begin XCConfigurationList section */
		A2B2670225D17ED400E97F1C /* Build configuration list for PBXProject "Scanner" */ = {
			isa = XCConfigurationList;
			buildConfigurations = (
				A2B2672F25D17ED600E97F1C /* Debug */,
				A2B2673025D17ED600E97F1C /* Release */,
			);
			defaultConfigurationIsVisible = 0;
			defaultConfigurationName = Release;
		};
		A2B2673125D17ED600E97F1C /* Build configuration list for PBXNativeTarget "Scanner" */ = {
			isa = XCConfigurationList;
			buildConfigurations = (
				A2B2673225D17ED600E97F1C /* Debug */,
				A2B2673325D17ED600E97F1C /* Release */,
			);
			defaultConfigurationIsVisible = 0;
			defaultConfigurationName = Release;
		};
		A2B2673425D17ED600E97F1C /* Build configuration list for PBXNativeTarget "ScannerTests" */ = {
			isa = XCConfigurationList;
			buildConfigurations = (
				A2B2673525D17ED600E97F1C /* Debug */,
				A2B2673625D17ED600E97F1C /* Release */,
			);
			defaultConfigurationIsVisible = 0;
			defaultConfigurationName = Release;
		};
		A2B2673725D17ED600E97F1C /* Build configuration list for PBXNativeTarget "ScannerUITests" */ = {
			isa = XCConfigurationList;
			buildConfigurations = (
				A2B2673825D17ED600E97F1C /* Debug */,
				A2B2673925D17ED600E97F1C /* Release */,
			);
			defaultConfigurationIsVisible = 0;
			defaultConfigurationName = Release;
		};
/* End XCConfigurationList section */
	};
	rootObject = A2B266FF25D17ED400E97F1C /* Project object */;
}
